
Microsoft Visual Studio Solution File, Format Version 12.00
# Visual Studio Version 17
VisualStudioVersion = 17.5.002.0
MinimumVisualStudioVersion = 10.0.40219.1
Project("{9A19103F-16F7-4668-BE54-9A1E7A4F7556}") = "05heranca", "05heranca.csproj", "{890F0E09-A510-483A-84DB-7276229F307A}"
EndProject
Global
	GlobalSection(SolutionConfigurationPlatforms) = preSolution
		Debug|Any CPU = Debug|Any CPU
		Release|Any CPU = Release|Any CPU
	EndGlobalSection
	GlobalSection(ProjectConfigurationPlatforms) = postSolution
		{890F0E09-A510-483A-84DB-7276229F307A}.Debug|Any CPU.ActiveCfg = Debug|Any CPU
		{890F0E09-A510-483A-84DB-7276229F307A}.Debug|Any CPU.Build.0 = Debug|Any CPU
		{890F0E09-A510-483A-84DB-7276229F307A}.Release|Any CPU.ActiveCfg = Release|Any CPU
		{890F0E09-A510-483A-84DB-7276229F307A}.Release|Any CPU.Build.0 = Release|Any CPU
	EndGlobalSection
	GlobalSection(SolutionProperties) = preSolution
		HideSolutionNode = FALSE
	EndGlobalSection
	GlobalSection(ExtensibilityGlobals) = postSolution
		SolutionGuid = {780D118E-A589-48E0-AFEB-808D4C32B40B}
	EndGlobalSection
EndGlobal
