
Microsoft Visual Studio Solution File, Format Version 12.00
# Visual Studio Version 17
VisualStudioVersion = 17.5.002.0
MinimumVisualStudioVersion = 10.0.40219.1
Project("{9A19103F-16F7-4668-BE54-9A1E7A4F7556}") = "03construtor", "03construtor.csproj", "{EBB572F2-EB98-4563-B93B-18FE0346E928}"
EndProject
Global
	GlobalSection(SolutionConfigurationPlatforms) = preSolution
		Debug|Any CPU = Debug|Any CPU
		Release|Any CPU = Release|Any CPU
	EndGlobalSection
	GlobalSection(ProjectConfigurationPlatforms) = postSolution
		{EBB572F2-EB98-4563-B93B-18FE0346E928}.Debug|Any CPU.ActiveCfg = Debug|Any CPU
		{EBB572F2-EB98-4563-B93B-18FE0346E928}.Debug|Any CPU.Build.0 = Debug|Any CPU
		{EBB572F2-EB98-4563-B93B-18FE0346E928}.Release|Any CPU.ActiveCfg = Release|Any CPU
		{EBB572F2-EB98-4563-B93B-18FE0346E928}.Release|Any CPU.Build.0 = Release|Any CPU
	EndGlobalSection
	GlobalSection(SolutionProperties) = preSolution
		HideSolutionNode = FALSE
	EndGlobalSection
	GlobalSection(ExtensibilityGlobals) = postSolution
		SolutionGuid = {41D4258C-03EF-42E2-A62B-0C9BF74AD320}
	EndGlobalSection
EndGlobal
